
Microsoft Visual Studio Solution File, Format Version 12.00
# Visual Studio Version 17
VisualStudioVersion = 17.4.33205.214
MinimumVisualStudioVersion = 10.0.40219.1
Project("{9A19103F-16F7-4668-BE54-9A1E7A4F7556}") = "SoulsFormats", "SoulsFormats\SoulsFormats.csproj", "{1EDCD50B-E89A-47F9-9B53-8B627CBF4E8C}"
EndProject
Global
	GlobalSection(SolutionConfigurationPlatforms) = preSolution
		Debug|x64 = Debug|x64
		Release|x64 = Release|x64
	EndGlobalSection
	GlobalSection(ProjectConfigurationPlatforms) = postSolution
		{1EDCD50B-E89A-47F9-9B53-8B627CBF4E8C}.Debug|x64.ActiveCfg = Debug|x64
		{1EDCD50B-E89A-47F9-9B53-8B627CBF4E8C}.Debug|x64.Build.0 = Debug|x64
		{1EDCD50B-E89A-47F9-9B53-8B627CBF4E8C}.Release|x64.ActiveCfg = Release|x64
		{1EDCD50B-E89A-47F9-9B53-8B627CBF4E8C}.Release|x64.Build.0 = Release|x64
	EndGlobalSection
	GlobalSection(SolutionProperties) = preSolution
		HideSolutionNode = FALSE
	EndGlobalSection
	GlobalSection(ExtensibilityGlobals) = postSolution
		SolutionGuid = {18E5657D-4AC7-4B1D-83EA-F9F12E50C7AE}
	EndGlobalSection
EndGlobal
